
Microsoft Visual Studio Solution File, Format Version 12.00
# Visual Studio 14
VisualStudioVersion = 14.0.23107.0
MinimumVisualStudioVersion = 10.0.40219.1
Project("{8BC9CEB8-8B4A-11D0-8D11-00A0C91BC942}") = "Engine", "Engine\Engine.vcxproj", "{E553A7B2-8927-41A6-969C-46CAB33CD021}"
EndProject
Project("{8BC9CEB8-8B4A-11D0-8D11-00A0C91BC942}") = "Engine.Wrapper", "Engine.Wrapper\Engine.Wrapper.vcxproj", "{D1A3AECE-891A-4C11-AAE0-9EEB40AFEE97}"
	ProjectSection(ProjectDependencies) = postProject
		{E553A7B2-8927-41A6-969C-46CAB33CD021} = {E553A7B2-8927-41A6-969C-46CAB33CD021}
	EndProjectSection
EndProject
Project("{FAE04EC0-301F-11D3-BF4B-00C04F79EFBC}") = "Engine.Editor", "Engine.Editor\Engine.Editor.csproj", "{E567EF41-A4C0-44CB-8A4D-6E47DF5F24F1}"
	ProjectSection(ProjectDependencies) = postProject
		{E553A7B2-8927-41A6-969C-46CAB33CD021} = {E553A7B2-8927-41A6-969C-46CAB33CD021}
	EndProjectSection
EndProject
Project("{8BC9CEB8-8B4A-11D0-8D11-00A0C91BC942}") = "Engine.Main", "Engine.Main\Engine.Main.vcxproj", "{AAB79BC0-68CD-4EE9-A2FF-BE829FF0AE0C}"
	ProjectSection(ProjectDependencies) = postProject
		{E553A7B2-8927-41A6-969C-46CAB33CD021} = {E553A7B2-8927-41A6-969C-46CAB33CD021}
	EndProjectSection
EndProject
Project("{2150E333-8FDC-42A3-9474-1A3956D46DE8}") = "Editor", "Editor", "{53C5AB18-F535-40ED-BF2F-3B81ACA96059}"
EndProject
Global
	GlobalSection(SolutionConfigurationPlatforms) = preSolution
		Debug|Any CPU = Debug|Any CPU
		Debug|Mixed Platforms = Debug|Mixed Platforms
		Debug|Win32 = Debug|Win32
		Debug|x64 = Debug|x64
		Release|Any CPU = Release|Any CPU
		Release|Mixed Platforms = Release|Mixed Platforms
		Release|Win32 = Release|Win32
		Release|x64 = Release|x64
	EndGlobalSection
	GlobalSection(ProjectConfigurationPlatforms) = postSolution
		{E553A7B2-8927-41A6-969C-46CAB33CD021}.Debug|Any CPU.ActiveCfg = Debug|Win32
		{E553A7B2-8927-41A6-969C-46CAB33CD021}.Debug|Mixed Platforms.ActiveCfg = Debug|Win32
		{E553A7B2-8927-41A6-969C-46CAB33CD021}.Debug|Mixed Platforms.Build.0 = Debug|Win32
		{E553A7B2-8927-41A6-969C-46CAB33CD021}.Debug|Win32.ActiveCfg = Debug|Win32
		{E553A7B2-8927-41A6-969C-46CAB33CD021}.Debug|Win32.Build.0 = Debug|Win32
		{E553A7B2-8927-41A6-969C-46CAB33CD021}.Debug|x64.ActiveCfg = Debug|x64
		{E553A7B2-8927-41A6-969C-46CAB33CD021}.Debug|x64.Build.0 = Debug|x64
		{E553A7B2-8927-41A6-969C-46CAB33CD021}.Release|Any CPU.ActiveCfg = Release|Win32
		{E553A7B2-8927-41A6-969C-46CAB33CD021}.Release|Mixed Platforms.ActiveCfg = Release|Win32
		{E553A7B2-8927-41A6-969C-46CAB33CD021}.Release|Mixed Platforms.Build.0 = Release|Win32
		{E553A7B2-8927-41A6-969C-46CAB33CD021}.Release|Win32.ActiveCfg = Release|Win32
		{E553A7B2-8927-41A6-969C-46CAB33CD021}.Release|Win32.Build.0 = Release|Win32
		{E553A7B2-8927-41A6-969C-46CAB33CD021}.Release|x64.ActiveCfg = Release|x64
		{E553A7B2-8927-41A6-969C-46CAB33CD021}.Release|x64.Build.0 = Release|x64
		{D1A3AECE-891A-4C11-AAE0-9EEB40AFEE97}.Debug|Any CPU.ActiveCfg = Debug|Win32
		{D1A3AECE-891A-4C11-AAE0-9EEB40AFEE97}.Debug|Mixed Platforms.ActiveCfg = Debug|Win32
		{D1A3AECE-891A-4C11-AAE0-9EEB40AFEE97}.Debug|Mixed Platforms.Build.0 = Debug|Win32
		{D1A3AECE-891A-4C11-AAE0-9EEB40AFEE97}.Debug|Win32.ActiveCfg = Debug|Win32
		{D1A3AECE-891A-4C11-AAE0-9EEB40AFEE97}.Debug|Win32.Build.0 = Debug|Win32
		{D1A3AECE-891A-4C11-AAE0-9EEB40AFEE97}.Debug|x64.ActiveCfg = Debug|x64
		{D1A3AECE-891A-4C11-AAE0-9EEB40AFEE97}.Release|Any CPU.ActiveCfg = Release|Win32
		{D1A3AECE-891A-4C11-AAE0-9EEB40AFEE97}.Release|Mixed Platforms.ActiveCfg = Release|Win32
		{D1A3AECE-891A-4C11-AAE0-9EEB40AFEE97}.Release|Mixed Platforms.Build.0 = Release|Win32
		{D1A3AECE-891A-4C11-AAE0-9EEB40AFEE97}.Release|Win32.ActiveCfg = Release|Win32
		{D1A3AECE-891A-4C11-AAE0-9EEB40AFEE97}.Release|Win32.Build.0 = Release|Win32
		{D1A3AECE-891A-4C11-AAE0-9EEB40AFEE97}.Release|x64.ActiveCfg = Release|x64
		{D1A3AECE-891A-4C11-AAE0-9EEB40AFEE97}.Release|x64.Build.0 = Release|x64
		{E567EF41-A4C0-44CB-8A4D-6E47DF5F24F1}.Debug|Any CPU.ActiveCfg = Debug|Any CPU
		{E567EF41-A4C0-44CB-8A4D-6E47DF5F24F1}.Debug|Any CPU.Build.0 = Debug|Any CPU
		{E567EF41-A4C0-44CB-8A4D-6E47DF5F24F1}.Debug|Mixed Platforms.ActiveCfg = Debug|Any CPU
		{E567EF41-A4C0-44CB-8A4D-6E47DF5F24F1}.Debug|Mixed Platforms.Build.0 = Debug|Any CPU
		{E567EF41-A4C0-44CB-8A4D-6E47DF5F24F1}.Debug|Win32.ActiveCfg = Debug|Any CPU
		{E567EF41-A4C0-44CB-8A4D-6E47DF5F24F1}.Debug|x64.ActiveCfg = Debug|Any CPU
		{E567EF41-A4C0-44CB-8A4D-6E47DF5F24F1}.Release|Any CPU.ActiveCfg = Release|Any CPU
		{E567EF41-A4C0-44CB-8A4D-6E47DF5F24F1}.Release|Any CPU.Build.0 = Release|Any CPU
		{E567EF41-A4C0-44CB-8A4D-6E47DF5F24F1}.Release|Mixed Platforms.ActiveCfg = Release|Any CPU
		{E567EF41-A4C0-44CB-8A4D-6E47DF5F24F1}.Release|Mixed Platforms.Build.0 = Release|Any CPU
		{E567EF41-A4C0-44CB-8A4D-6E47DF5F24F1}.Release|Win32.ActiveCfg = Release|Any CPU
		{E567EF41-A4C0-44CB-8A4D-6E47DF5F24F1}.Release|x64.ActiveCfg = Release|Any CPU
		{AAB79BC0-68CD-4EE9-A2FF-BE829FF0AE0C}.Debug|Any CPU.ActiveCfg = Debug|Win32
		{AAB79BC0-68CD-4EE9-A2FF-BE829FF0AE0C}.Debug|Mixed Platforms.ActiveCfg = Debug|Win32
		{AAB79BC0-68CD-4EE9-A2FF-BE829FF0AE0C}.Debug|Mixed Platforms.Build.0 = Debug|Win32
		{AAB79BC0-68CD-4EE9-A2FF-BE829FF0AE0C}.Debug|Win32.ActiveCfg = Debug|Win32
		{AAB79BC0-68CD-4EE9-A2FF-BE829FF0AE0C}.Debug|Win32.Build.0 = Debug|Win32
		{AAB79BC0-68CD-4EE9-A2FF-BE829FF0AE0C}.Debug|x64.ActiveCfg = Debug|x64
		{AAB79BC0-68CD-4EE9-A2FF-BE829FF0AE0C}.Release|Any CPU.ActiveCfg = Release|Win32
		{AAB79BC0-68CD-4EE9-A2FF-BE829FF0AE0C}.Release|Mixed Platforms.ActiveCfg = Release|Win32
		{AAB79BC0-68CD-4EE9-A2FF-BE829FF0AE0C}.Release|Mixed Platforms.Build.0 = Release|Win32
		{AAB79BC0-68CD-4EE9-A2FF-BE829FF0AE0C}.Release|Win32.ActiveCfg = Release|Win32
		{AAB79BC0-68CD-4EE9-A2FF-BE829FF0AE0C}.Release|Win32.Build.0 = Release|Win32
		{AAB79BC0-68CD-4EE9-A2FF-BE829FF0AE0C}.Release|x64.ActiveCfg = Release|x64
		{AAB79BC0-68CD-4EE9-A2FF-BE829FF0AE0C}.Release|x64.Build.0 = Release|x64
	EndGlobalSection
	GlobalSection(SolutionProperties) = preSolution
		HideSolutionNode = FALSE
	EndGlobalSection
	GlobalSection(NestedProjects) = preSolution
		{D1A3AECE-891A-4C11-AAE0-9EEB40AFEE97} = {53C5AB18-F535-40ED-BF2F-3B81ACA96059}
		{E567EF41-A4C0-44CB-8A4D-6E47DF5F24F1} = {53C5AB18-F535-40ED-BF2F-3B81ACA96059}
	EndGlobalSection
EndGlobal
